
Microsoft Visual Studio Solution File, Format Version 12.00
# Visual Studio Version 17
VisualStudioVersion = 17.0.32112.339
MinimumVisualStudioVersion = 10.0.40219.1
Project("{FAE04EC0-301F-11D3-BF4B-00C04F79EFBC}") = "calculator", "calculator\calculator.csproj", "{54167D14-01FE-48C0-8EF4-AD961CB1304A}"
EndProject
Global
	GlobalSection(SolutionConfigurationPlatforms) = preSolution
		Debug|Any CPU = Debug|Any CPU
		Release|Any CPU = Release|Any CPU
	EndGlobalSection
	GlobalSection(ProjectConfigurationPlatforms) = postSolution
		{54167D14-01FE-48C0-8EF4-AD961CB1304A}.Debug|Any CPU.ActiveCfg = Debug|Any CPU
		{54167D14-01FE-48C0-8EF4-AD961CB1304A}.Debug|Any CPU.Build.0 = Debug|Any CPU
		{54167D14-01FE-48C0-8EF4-AD961CB1304A}.Release|Any CPU.ActiveCfg = Release|Any CPU
		{54167D14-01FE-48C0-8EF4-AD961CB1304A}.Release|Any CPU.Build.0 = Release|Any CPU
	EndGlobalSection
	GlobalSection(SolutionProperties) = preSolution
		HideSolutionNode = FALSE
	EndGlobalSection
	GlobalSection(ExtensibilityGlobals) = postSolution
		SolutionGuid = {8724B2FE-EC91-425C-9310-B9B2899A0434}
	EndGlobalSection
EndGlobal
